
Microsoft Visual Studio Solution File, Format Version 12.00
# Visual Studio Version 16
VisualStudioVersion = 16.0.30309.148
MinimumVisualStudioVersion = 10.0.40219.1
Project("{FAE04EC0-301F-11D3-BF4B-00C04F79EFBC}") = "TelegramBot.AspNetCore", "TelegramBot.AspNetCore\TelegramBot.AspNetCore.csproj", "{A14E93C8-4C7D-498F-AE66-2D057ED6B6F8}"
EndProject
Global
	GlobalSection(SolutionConfigurationPlatforms) = preSolution
		Debug|Any CPU = Debug|Any CPU
		Release|Any CPU = Release|Any CPU
	EndGlobalSection
	GlobalSection(ProjectConfigurationPlatforms) = postSolution
		{A14E93C8-4C7D-498F-AE66-2D057ED6B6F8}.Debug|Any CPU.ActiveCfg = Debug|Any CPU
		{A14E93C8-4C7D-498F-AE66-2D057ED6B6F8}.Debug|Any CPU.Build.0 = Debug|Any CPU
		{A14E93C8-4C7D-498F-AE66-2D057ED6B6F8}.Release|Any CPU.ActiveCfg = Release|Any CPU
		{A14E93C8-4C7D-498F-AE66-2D057ED6B6F8}.Release|Any CPU.Build.0 = Release|Any CPU
	EndGlobalSection
	GlobalSection(SolutionProperties) = preSolution
		HideSolutionNode = FALSE
	EndGlobalSection
	GlobalSection(ExtensibilityGlobals) = postSolution
		SolutionGuid = {8E8EFDD7-C1BA-4B7E-8B8D-B18417469B11}
	EndGlobalSection
EndGlobal
